
Microsoft Visual Studio Solution File, Format Version 12.00
# Visual Studio Version 16
VisualStudioVersion = 16.0.29911.84
MinimumVisualStudioVersion = 10.0.40219.1
Project("{FAE04EC0-301F-11D3-BF4B-00C04F79EFBC}") = "z11", "z11\z11.csproj", "{05678C2B-E705-4F48-BCD1-486C39607203}"
EndProject
Global
	GlobalSection(SolutionConfigurationPlatforms) = preSolution
		Debug|Any CPU = Debug|Any CPU
		Release|Any CPU = Release|Any CPU
	EndGlobalSection
	GlobalSection(ProjectConfigurationPlatforms) = postSolution
		{05678C2B-E705-4F48-BCD1-486C39607203}.Debug|Any CPU.ActiveCfg = Debug|Any CPU
		{05678C2B-E705-4F48-BCD1-486C39607203}.Debug|Any CPU.Build.0 = Debug|Any CPU
		{05678C2B-E705-4F48-BCD1-486C39607203}.Release|Any CPU.ActiveCfg = Release|Any CPU
		{05678C2B-E705-4F48-BCD1-486C39607203}.Release|Any CPU.Build.0 = Release|Any CPU
	EndGlobalSection
	GlobalSection(SolutionProperties) = preSolution
		HideSolutionNode = FALSE
	EndGlobalSection
	GlobalSection(ExtensibilityGlobals) = postSolution
		SolutionGuid = {5941DC21-3F1B-4E06-AC6F-ADCA794A4D49}
	EndGlobalSection
EndGlobal
